// !$*UTF8*$!
{
	archiveVersion = 1;
	classes = {
	};
	objectVersion = 50;
	objects = {

/* Begin PBXBuildFile section */
		2798DA1A238735E400643833 /* AppDelegate.swift in Sources */ = {isa = PBXBuildFile; fileRef = 2798DA19238735E400643833 /* AppDelegate.swift */; };
		2798DA1C238735E400643833 /* SceneDelegate.swift in Sources */ = {isa = PBXBuildFile; fileRef = 2798DA1B238735E400643833 /* SceneDelegate.swift */; };
		2798DA21238735E400643833 /* Main.storyboard in Resources */ = {isa = PBXBuildFile; fileRef = 2798DA1F238735E400643833 /* Main.storyboard */; };
		2798DA23238735E600643833 /* Assets.xcassets in Resources */ = {isa = PBXBuildFile; fileRef = 2798DA22238735E600643833 /* Assets.xcassets */; };
		2798DA26238735E600643833 /* LaunchScreen.storyboard in Resources */ = {isa = PBXBuildFile; fileRef = 2798DA24238735E600643833 /* LaunchScreen.storyboard */; };
		2798DA2F23873BA500643833 /* Movie.swift in Sources */ = {isa = PBXBuildFile; fileRef = 2798DA2E23873BA500643833 /* Movie.swift */; };
		2798DA3123873D1400643833 /* MovieController.swift in Sources */ = {isa = PBXBuildFile; fileRef = 2798DA3023873D1400643833 /* MovieController.swift */; };
/* End PBXBuildFile section */

/* Begin PBXFileReference section */
		2798DA16238735E400643833 /* SurpriseAPI.app */ = {isa = PBXFileReference; explicitFileType = wrapper.application; includeInIndex = 0; path = SurpriseAPI.app; sourceTree = BUILT_PRODUCTS_DIR; };
		2798DA19238735E400643833 /* AppDelegate.swift */ = {isa = PBXFileReference; lastKnownFileType = sourcecode.swift; path = AppDelegate.swift; sourceTree = "<group>"; };
		2798DA1B238735E400643833 /* SceneDelegate.swift */ = {isa = PBXFileReference; lastKnownFileType = sourcecode.swift; path = SceneDelegate.swift; sourceTree = "<group>"; };
		2798DA20238735E400643833 /* Base */ = {isa = PBXFileReference; lastKnownFileType = file.storyboard; name = Base; path = Base.lproj/Main.storyboard; sourceTree = "<group>"; };
		2798DA22238735E600643833 /* Assets.xcassets */ = {isa = PBXFileReference; lastKnownFileType = folder.assetcatalog; path = Assets.xcassets; sourceTree = "<group>"; };
		2798DA25238735E600643833 /* Base */ = {isa = PBXFileReference; lastKnownFileType = file.storyboard; name = Base; path = Base.lproj/LaunchScreen.storyboard; sourceTree = "<group>"; };
		2798DA27238735E600643833 /* Info.plist */ = {isa = PBXFileReference; lastKnownFileType = text.plist.xml; path = Info.plist; sourceTree = "<group>"; };
		2798DA2E23873BA500643833 /* Movie.swift */ = {isa = PBXFileReference; lastKnownFileType = sourcecode.swift; path = Movie.swift; sourceTree = "<group>"; };
		2798DA3023873D1400643833 /* MovieController.swift */ = {isa = PBXFileReference; lastKnownFileType = sourcecode.swift; path = MovieController.swift; sourceTree = "<group>"; };
/* End PBXFileReference section */

/* Begin PBXFrameworksBuildPhase section */
		2798DA13238735E400643833 /* Frameworks */ = {
			isa = PBXFrameworksBuildPhase;
			buildActionMask = 2147483647;
			files = (
			);
			runOnlyForDeploymentPostprocessing = 0;
		};
/* End PBXFrameworksBuildPhase section */

/* Begin PBXGroup section */
		2798DA0D238735E400643833 = {
			isa = PBXGroup;
			children = (
				2798DA18238735E400643833 /* SurpriseAPI */,
				2798DA17238735E400643833 /* Products */,
			);
			sourceTree = "<group>";
		};
		2798DA17238735E400643833 /* Products */ = {
			isa = PBXGroup;
			children = (
				2798DA16238735E400643833 /* SurpriseAPI.app */,
			);
			name = Products;
			sourceTree = "<group>";
		};
		2798DA18238735E400643833 /* SurpriseAPI */ = {
			isa = PBXGroup;
			children = (
				2798DA2D238735F000643833 /* Resources */,
				2798DA1F238735E400643833 /* Main.storyboard */,
				2798DA3223873D1800643833 /* Model */,
				2798DA3323873D1C00643833 /* Model Controller */,
			);
			path = SurpriseAPI;
			sourceTree = "<group>";
		};
		2798DA2D238735F000643833 /* Resources */ = {
			isa = PBXGroup;
			children = (
				2798DA19238735E400643833 /* AppDelegate.swift */,
				2798DA1B238735E400643833 /* SceneDelegate.swift */,
				2798DA22238735E600643833 /* Assets.xcassets */,
				2798DA24238735E600643833 /* LaunchScreen.storyboard */,
				2798DA27238735E600643833 /* Info.plist */,
			);
			path = Resources;
			sourceTree = "<group>";
		};
		2798DA3223873D1800643833 /* Model */ = {
			isa = PBXGroup;
			children = (
				2798DA2E23873BA500643833 /* Movie.swift */,
			);
			path = Model;
			sourceTree = "<group>";
		};
		2798DA3323873D1C00643833 /* Model Controller */ = {
			isa = PBXGroup;
			children = (
				2798DA3023873D1400643833 /* MovieController.swift */,
			);
			path = "Model Controller";
			sourceTree = "<group>";
		};
/* End PBXGroup section */

/* Begin PBXNativeTarget section */
		2798DA15238735E400643833 /* SurpriseAPI */ = {
			isa = PBXNativeTarget;
			buildConfigurationList = 2798DA2A238735E600643833 /* Build configuration list for PBXNativeTarget "SurpriseAPI" */;
			buildPhases = (
				2798DA12238735E400643833 /* Sources */,
				2798DA13238735E400643833 /* Frameworks */,
				2798DA14238735E400643833 /* Resources */,
			);
			buildRules = (
			);
			dependencies = (
			);
			name = SurpriseAPI;
			productName = SurpriseAPI;
			productReference = 2798DA16238735E400643833 /* SurpriseAPI.app */;
			productType = "com.apple.product-type.application";
		};
/* End PBXNativeTarget section */

/* Begin PBXProject section */
		2798DA0E238735E400643833 /* Project object */ = {
			isa = PBXProject;
			attributes = {
				LastSwiftUpdateCheck = 1120;
				LastUpgradeCheck = 1120;
				ORGANIZATIONNAME = "Kyle Jennings";
				TargetAttributes = {
					2798DA15238735E400643833 = {
						CreatedOnToolsVersion = 11.2.1;
					};
				};
			};
			buildConfigurationList = 2798DA11238735E400643833 /* Build configuration list for PBXProject "SurpriseAPI" */;
			compatibilityVersion = "Xcode 9.3";
			developmentRegion = en;
			hasScannedForEncodings = 0;
			knownRegions = (
				en,
				Base,
			);
			mainGroup = 2798DA0D238735E400643833;
			productRefGroup = 2798DA17238735E400643833 /* Products */;
			projectDirPath = "";
			projectRoot = "";
			targets = (
				2798DA15238735E400643833 /* SurpriseAPI */,
			);
		};
/* End PBXProject section */

/* Begin PBXResourcesBuildPhase section */
		2798DA14238735E400643833 /* Resources */ = {
			isa = PBXResourcesBuildPhase;
			buildActionMask = 2147483647;
			files = (
				2798DA26238735E600643833 /* LaunchScreen.storyboard in Resources */,
				2798DA23238735E600643833 /* Assets.xcassets in Resources */,
				2798DA21238735E400643833 /* Main.storyboard in Resources */,
			);
			runOnlyForDeploymentPostprocessing = 0;
		};
/* End PBXResourcesBuildPhase section */

/* Begin PBXSourcesBuildPhase section */
		2798DA12238735E400643833 /* Sources */ = {
			isa = PBXSourcesBuildPhase;
			buildActionMask = 2147483647;
			files = (
				2798DA3123873D1400643833 /* MovieController.swift in Sources */,
				2798DA1A238735E400643833 /* AppDelegate.swift in Sources */,
				2798DA1C238735E400643833 /* SceneDelegate.swift in Sources */,
				2798DA2F23873BA500643833 /* Movie.swift in Sources */,
			);
			runOnlyForDeploymentPostprocessing = 0;
		};
/* End PBXSourcesBuildPhase section */

/* Begin PBXVariantGroup section */
		2798DA1F238735E400643833 /* Main.storyboard */ = {
			isa = PBXVariantGroup;
			children = (
				2798DA20238735E400643833 /* Base */,
			);
			name = Main.storyboard;
			sourceTree = "<group>";
		};
		2798DA24238735E600643833 /* LaunchScreen.storyboard */ = {
			isa = PBXVariantGroup;
			children = (
				2798DA25238735E600643833 /* Base */,
			);
			name = LaunchScreen.storyboard;
			sourceTree = "<group>";
		};
/* End PBXVariantGroup section */

/* Begin XCBuildConfiguration section */
		2798DA28238735E600643833 /* Debug */ = {
			isa = XCBuildConfiguration;
			buildSettings = {
				ALWAYS_SEARCH_USER_PATHS = NO;
				CLANG_ANALYZER_NONNULL = YES;
				CLANG_ANALYZER_NUMBER_OBJECT_CONVERSION = YES_AGGRESSIVE;
				CLANG_CXX_LANGUAGE_STANDARD = "gnu++14";
				CLANG_CXX_LIBRARY = "libc++";
				CLANG_ENABLE_MODULES = YES;
				CLANG_ENABLE_OBJC_ARC = YES;
				CLANG_ENABLE_OBJC_WEAK = YES;
				CLANG_WARN_BLOCK_CAPTURE_AUTORELEASING = YES;
				CLANG_WARN_BOOL_CONVERSION = YES;
				CLANG_WARN_COMMA = YES;
				CLANG_WARN_CONSTANT_CONVERSION = YES;
				CLANG_WARN_DEPRECATED_OBJC_IMPLEMENTATIONS = YES;
				CLANG_WARN_DIRECT_OBJC_ISA_USAGE = YES_ERROR;
				CLANG_WARN_DOCUMENTATION_COMMENTS = YES;
				CLANG_WARN_EMPTY_BODY = YES;
				CLANG_WARN_ENUM_CONVERSION = YES;
				CLANG_WARN_INFINITE_RECURSION = YES;
				CLANG_WARN_INT_CONVERSION = YES;
				CLANG_WARN_NON_LITERAL_NULL_CONVERSION = YES;
				CLANG_WARN_OBJC_IMPLICIT_RETAIN_SELF = YES;
				CLANG_WARN_OBJC_LITERAL_CONVERSION = YES;
				CLANG_WARN_OBJC_ROOT_CLASS = YES_ERROR;
				CLANG_WARN_RANGE_LOOP_ANALYSIS = YES;
				CLANG_WARN_STRICT_PROTOTYPES = YES;
				CLANG_WARN_SUSPICIOUS_MOVE = YES;
				CLANG_WARN_UNGUARDED_AVAILABILITY = YES_AGGRESSIVE;
				CLANG_WARN_UNREACHABLE_CODE = YES;
				CLANG_WARN__DUPLICATE_METHOD_MATCH = YES;
				COPY_PHASE_STRIP = NO;
				DEBUG_INFORMATION_FORMAT = dwarf;
				ENABLE_STRICT_OBJC_MSGSEND = YES;
				ENABLE_TESTABILITY = YES;
				GCC_C_LANGUAGE_STANDARD = gnu11;
				GCC_DYNAMIC_NO_PIC = NO;
				GCC_NO_COMMON_BLOCKS = YES;
				GCC_OPTIMIZATION_LEVEL = 0;
				GCC_PREPROCESSOR_DEFINITIONS = (
					"DEBUG=1",
					"$(inherited)",
				);
				GCC_WARN_64_TO_32_BIT_CONVERSION = YES;
				GCC_WARN_ABOUT_RETURN_TYPE = YES_ERROR;
				GCC_WARN_UNDECLARED_SELECTOR = YES;
				GCC_WARN_UNINITIALIZED_AUTOS = YES_AGGRESSIVE;
				GCC_WARN_UNUSED_FUNCTION = YES;
				GCC_WARN_UNUSED_VARIABLE = YES;
				IPHONEOS_DEPLOYMENT_TARGET = 13.2;
				MTL_ENABLE_DEBUG_INFO = INCLUDE_SOURCE;
				MTL_FAST_MATH = YES;
				ONLY_ACTIVE_ARCH = YES;
				SDKROOT = iphoneos;
				SWIFT_ACTIVE_COMPILATION_CONDITIONS = DEBUG;
				SWIFT_OPTIMIZATION_LEVEL = "-Onone";
			};
			name = Debug;
		};
		2798DA29238735E600643833 /* Release */ = {
			isa = XCBuildConfiguration;
			buildSettings = {
				ALWAYS_SEARCH_USER_PATHS = NO;
				CLANG_ANALYZER_NONNULL = YES;
				CLANG_ANALYZER_NUMBER_OBJECT_CONVERSION = YES_AGGRESSIVE;
				CLANG_CXX_LANGUAGE_STANDARD = "gnu++14";
				CLANG_CXX_LIBRARY = "libc++";
				CLANG_ENABLE_MODULES = YES;
				CLANG_ENABLE_OBJC_ARC = YES;
				CLANG_ENABLE_OBJC_WEAK = YES;
				CLANG_WARN_BLOCK_CAPTURE_AUTORELEASING = YES;
				CLANG_WARN_BOOL_CONVERSION = YES;
				CLANG_WARN_COMMA = YES;
				CLANG_WARN_CONSTANT_CONVERSION = YES;
				CLANG_WARN_DEPRECATED_OBJC_IMPLEMENTATIONS = YES;
				CLANG_WARN_DIRECT_OBJC_ISA_USAGE = YES_ERROR;
				CLANG_WARN_DOCUMENTATION_COMMENTS = YES;
				CLANG_WARN_EMPTY_BODY = YES;
				CLANG_WARN_ENUM_CONVERSION = YES;
				CLANG_WARN_INFINITE_RECURSION = YES;
				CLANG_WARN_INT_CONVERSION = YES;
				CLANG_WARN_NON_LITERAL_NULL_CONVERSION = YES;
				CLANG_WARN_OBJC_IMPLICIT_RETAIN_SELF = YES;
				CLANG_WARN_OBJC_LITERAL_CONVERSION = YES;
				CLANG_WARN_OBJC_ROOT_CLASS = YES_ERROR;
				CLANG_WARN_RANGE_LOOP_ANALYSIS = YES;
				CLANG_WARN_STRICT_PROTOTYPES = YES;
				CLANG_WARN_SUSPICIOUS_MOVE = YES;
				CLANG_WARN_UNGUARDED_AVAILABILITY = YES_AGGRESSIVE;
				CLANG_WARN_UNREACHABLE_CODE = YES;
				CLANG_WARN__DUPLICATE_METHOD_MATCH = YES;
				COPY_PHASE_STRIP = NO;
				DEBUG_INFORMATION_FORMAT = "dwarf-with-dsym";
				ENABLE_NS_ASSERTIONS = NO;
				ENABLE_STRICT_OBJC_MSGSEND = YES;
				GCC_C_LANGUAGE_STANDARD = gnu11;
				GCC_NO_COMMON_BLOCKS = YES;
				GCC_WARN_64_TO_32_BIT_CONVERSION = YES;
				GCC_WARN_ABOUT_RETURN_TYPE = YES_ERROR;
				GCC_WARN_UNDECLARED_SELECTOR = YES;
				GCC_WARN_UNINITIALIZED_AUTOS = YES_AGGRESSIVE;
				GCC_WARN_UNUSED_FUNCTION = YES;
				GCC_WARN_UNUSED_VARIABLE = YES;
				IPHONEOS_DEPLOYMENT_TARGET = 13.2;
				MTL_ENABLE_DEBUG_INFO = NO;
				MTL_FAST_MATH = YES;
				SDKROOT = iphoneos;
				SWIFT_COMPILATION_MODE = wholemodule;
				SWIFT_OPTIMIZATION_LEVEL = "-O";
				VALIDATE_PRODUCT = YES;
			};
			name = Release;
		};
		2798DA2B238735E600643833 /* Debug */ = {
			isa = XCBuildConfiguration;
			buildSettings = {
				ASSETCATALOG_COMPILER_APPICON_NAME = AppIcon;
				CODE_SIGN_STYLE = Automatic;
				DEVELOPMENT_TEAM = GGTDUJVMMT;
				INFOPLIST_FILE = SurpriseAPI/Resources/Info.plist;
				LD_RUNPATH_SEARCH_PATHS = (
					"$(inherited)",
					"@executable_path/Frameworks",
				);
				PRODUCT_BUNDLE_IDENTIFIER = com.kylejennings.SurpriseAPI;
				PRODUCT_NAME = "$(TARGET_NAME)";
				SWIFT_VERSION = 5.0;
				TARGETED_DEVICE_FAMILY = "1,2";
			};
			name = Debug;
		};
		2798DA2C238735E600643833 /* Release */ = {
			isa = XCBuildConfiguration;
			buildSettings = {
				ASSETCATALOG_COMPILER_APPICON_NAME = AppIcon;
				CODE_SIGN_STYLE = Automatic;
				DEVELOPMENT_TEAM = GGTDUJVMMT;
				INFOPLIST_FILE = SurpriseAPI/Resources/Info.plist;
				LD_RUNPATH_SEARCH_PATHS = (
					"$(inherited)",
					"@executable_path/Frameworks",
				);
				PRODUCT_BUNDLE_IDENTIFIER = com.kylejennings.SurpriseAPI;
				PRODUCT_NAME = "$(TARGET_NAME)";
				SWIFT_VERSION = 5.0;
				TARGETED_DEVICE_FAMILY = "1,2";
			};
			name = Release;
		};
/* End XCBuildConfiguration section */

/* Begin XCConfigurationList section */
		2798DA11238735E400643833 /* Build configuration list for PBXProject "SurpriseAPI" */ = {
			isa = XCConfigurationList;
			buildConfigurations = (
				2798DA28238735E600643833 /* Debug */,
				2798DA29238735E600643833 /* Release */,
			);
			defaultConfigurationIsVisible = 0;
			defaultConfigurationName = Release;
		};
		2798DA2A238735E600643833 /* Build configuration list for PBXNativeTarget "SurpriseAPI" */ = {
			isa = XCConfigurationList;
			buildConfigurations = (
				2798DA2B238735E600643833 /* Debug */,
				2798DA2C238735E600643833 /* Release */,
			);
			defaultConfigurationIsVisible = 0;
			defaultConfigurationName = Release;
		};
/* End XCConfigurationList section */
	};
	rootObject = 2798DA0E238735E400643833 /* Project object */;
}
